// !$*UTF8*$!
{
	archiveVersion = 1;
	classes = {
	};
	objectVersion = 46;
	objects = {

/* Begin PBXBuildFile section */
		473969151F50146800C5DB85 /* test.txt in Resources */ = {isa = PBXBuildFile; fileRef = 473969141F50146800C5DB85 /* test.txt */; };
		473969171F50160500C5DB85 /* test.txt in Resources */ = {isa = PBXBuildFile; fileRef = 473969161F50160500C5DB85 /* test.txt */; };
		474B2D191F3BEFAE00B1F4D0 /* AppDelegate.swift in Sources */ = {isa = PBXBuildFile; fileRef = 474B2D181F3BEFAE00B1F4D0 /* AppDelegate.swift */; };
		474B2D1B1F3BEFAE00B1F4D0 /* ViewController.swift in Sources */ = {isa = PBXBuildFile; fileRef = 474B2D1A1F3BEFAE00B1F4D0 /* ViewController.swift */; };
		474B2D1E1F3BEFAE00B1F4D0 /* Main.storyboard in Resources */ = {isa = PBXBuildFile; fileRef = 474B2D1C1F3BEFAE00B1F4D0 /* Main.storyboard */; };
		474B2D201F3BEFAE00B1F4D0 /* Assets.xcassets in Resources */ = {isa = PBXBuildFile; fileRef = 474B2D1F1F3BEFAE00B1F4D0 /* Assets.xcassets */; };
		474B2D231F3BEFAE00B1F4D0 /* LaunchScreen.storyboard in Resources */ = {isa = PBXBuildFile; fileRef = 474B2D211F3BEFAE00B1F4D0 /* LaunchScreen.storyboard */; };
		474B2D301F3BF05900B1F4D0 /* MGParentSonProvider.swift in Sources */ = {isa = PBXBuildFile; fileRef = 474B2D2F1F3BF05900B1F4D0 /* MGParentSonProvider.swift */; };
		474B2D321F3C0DC000B1F4D0 /* MGParentsAdapters.swift in Sources */ = {isa = PBXBuildFile; fileRef = 474B2D311F3C0DC000B1F4D0 /* MGParentsAdapters.swift */; };
		478C88561F418C1000AF7EE8 /* MGFilterProviderTests.swift in Sources */ = {isa = PBXBuildFile; fileRef = 478C88551F418C1000AF7EE8 /* MGFilterProviderTests.swift */; };
		495BBBFCACC017AB3AF18194 /* Pods_MGFilterProvider.framework in Frameworks */ = {isa = PBXBuildFile; fileRef = 7FB9CAEFC15BE7A7365F31D6 /* Pods_MGFilterProvider.framework */; };
		8BC863FF751ADA97C72C50BE /* Pods_MGFilterProviderTests.framework in Frameworks */ = {isa = PBXBuildFile; fileRef = BDAF1CC093E3E00A2A72534B /* Pods_MGFilterProviderTests.framework */; };
/* End PBXBuildFile section */

/* Begin PBXContainerItemProxy section */
		478C88581F418C1000AF7EE8 /* PBXContainerItemProxy */ = {
			isa = PBXContainerItemProxy;
			containerPortal = 474B2D0D1F3BEFAE00B1F4D0 /* Project object */;
			proxyType = 1;
			remoteGlobalIDString = 474B2D141F3BEFAE00B1F4D0;
			remoteInfo = MGFilterProvider;
		};
/* End PBXContainerItemProxy section */

/* Begin PBXFileReference section */
		44A3299F2FFBD91D9E45489A /* Pods-MGFilterProviderTests.release.xcconfig */ = {isa = PBXFileReference; includeInIndex = 1; lastKnownFileType = text.xcconfig; name = "Pods-MGFilterProviderTests.release.xcconfig"; path = "Pods/Target Support Files/Pods-MGFilterProviderTests/Pods-MGFilterProviderTests.release.xcconfig"; sourceTree = "<group>"; };
		473969141F50146800C5DB85 /* test.txt */ = {isa = PBXFileReference; fileEncoding = 4; lastKnownFileType = text; path = test.txt; sourceTree = "<group>"; };
		473969161F50160500C5DB85 /* test.txt */ = {isa = PBXFileReference; fileEncoding = 4; lastKnownFileType = text; path = test.txt; sourceTree = "<group>"; };
		474B2D151F3BEFAE00B1F4D0 /* MGFilterProvider.app */ = {isa = PBXFileReference; explicitFileType = wrapper.application; includeInIndex = 0; path = MGFilterProvider.app; sourceTree = BUILT_PRODUCTS_DIR; };
		474B2D181F3BEFAE00B1F4D0 /* AppDelegate.swift */ = {isa = PBXFileReference; lastKnownFileType = sourcecode.swift; path = AppDelegate.swift; sourceTree = "<group>"; };
		474B2D1A1F3BEFAE00B1F4D0 /* ViewController.swift */ = {isa = PBXFileReference; lastKnownFileType = sourcecode.swift; path = ViewController.swift; sourceTree = "<group>"; };
		474B2D1D1F3BEFAE00B1F4D0 /* Base */ = {isa = PBXFileReference; lastKnownFileType = file.storyboard; name = Base; path = Base.lproj/Main.storyboard; sourceTree = "<group>"; };
		474B2D1F1F3BEFAE00B1F4D0 /* Assets.xcassets */ = {isa = PBXFileReference; lastKnownFileType = folder.assetcatalog; path = Assets.xcassets; sourceTree = "<group>"; };
		474B2D221F3BEFAE00B1F4D0 /* Base */ = {isa = PBXFileReference; lastKnownFileType = file.storyboard; name = Base; path = Base.lproj/LaunchScreen.storyboard; sourceTree = "<group>"; };
		474B2D241F3BEFAE00B1F4D0 /* Info.plist */ = {isa = PBXFileReference; lastKnownFileType = text.plist.xml; path = Info.plist; sourceTree = "<group>"; };
		474B2D2F1F3BF05900B1F4D0 /* MGParentSonProvider.swift */ = {isa = PBXFileReference; fileEncoding = 4; lastKnownFileType = sourcecode.swift; path = MGParentSonProvider.swift; sourceTree = "<group>"; };
		474B2D311F3C0DC000B1F4D0 /* MGParentsAdapters.swift */ = {isa = PBXFileReference; fileEncoding = 4; lastKnownFileType = sourcecode.swift; path = MGParentsAdapters.swift; sourceTree = "<group>"; };
		478C88531F418C1000AF7EE8 /* MGFilterProviderTests.xctest */ = {isa = PBXFileReference; explicitFileType = wrapper.cfbundle; includeInIndex = 0; path = MGFilterProviderTests.xctest; sourceTree = BUILT_PRODUCTS_DIR; };
		478C88551F418C1000AF7EE8 /* MGFilterProviderTests.swift */ = {isa = PBXFileReference; lastKnownFileType = sourcecode.swift; path = MGFilterProviderTests.swift; sourceTree = "<group>"; };
		478C88571F418C1000AF7EE8 /* Info.plist */ = {isa = PBXFileReference; lastKnownFileType = text.plist.xml; path = Info.plist; sourceTree = "<group>"; };
		7FB9CAEFC15BE7A7365F31D6 /* Pods_MGFilterProvider.framework */ = {isa = PBXFileReference; explicitFileType = wrapper.framework; includeInIndex = 0; path = Pods_MGFilterProvider.framework; sourceTree = BUILT_PRODUCTS_DIR; };
		833DC21DD74FBC678BC59C32 /* Pods-MGFilterProvider.release.xcconfig */ = {isa = PBXFileReference; includeInIndex = 1; lastKnownFileType = text.xcconfig; name = "Pods-MGFilterProvider.release.xcconfig"; path = "Pods/Target Support Files/Pods-MGFilterProvider/Pods-MGFilterProvider.release.xcconfig"; sourceTree = "<group>"; };
		8B3450BDA3DDA5D9B4EB272E /* Pods-MGFilterProviderTests.debug.xcconfig */ = {isa = PBXFileReference; includeInIndex = 1; lastKnownFileType = text.xcconfig; name = "Pods-MGFilterProviderTests.debug.xcconfig"; path = "Pods/Target Support Files/Pods-MGFilterProviderTests/Pods-MGFilterProviderTests.debug.xcconfig"; sourceTree = "<group>"; };
		BDAF1CC093E3E00A2A72534B /* Pods_MGFilterProviderTests.framework */ = {isa = PBXFileReference; explicitFileType = wrapper.framework; includeInIndex = 0; path = Pods_MGFilterProviderTests.framework; sourceTree = BUILT_PRODUCTS_DIR; };
		D5445AF35282A1D637E37D19 /* Pods-MGFilterProvider.debug.xcconfig */ = {isa = PBXFileReference; includeInIndex = 1; lastKnownFileType = text.xcconfig; name = "Pods-MGFilterProvider.debug.xcconfig"; path = "Pods/Target Support Files/Pods-MGFilterProvider/Pods-MGFilterProvider.debug.xcconfig"; sourceTree = "<group>"; };
/* End PBXFileReference section */

/* Begin PBXFrameworksBuildPhase section */
		474B2D121F3BEFAE00B1F4D0 /* Frameworks */ = {
			isa = PBXFrameworksBuildPhase;
			buildActionMask = 2147483647;
			files = (
				495BBBFCACC017AB3AF18194 /* Pods_MGFilterProvider.framework in Frameworks */,
			);
			runOnlyForDeploymentPostprocessing = 0;
		};
		478C88501F418C1000AF7EE8 /* Frameworks */ = {
			isa = PBXFrameworksBuildPhase;
			buildActionMask = 2147483647;
			files = (
				8BC863FF751ADA97C72C50BE /* Pods_MGFilterProviderTests.framework in Frameworks */,
			);
			runOnlyForDeploymentPostprocessing = 0;
		};
/* End PBXFrameworksBuildPhase section */

/* Begin PBXGroup section */
		1A751F4C9E713629FFEACDE2 /* Frameworks */ = {
			isa = PBXGroup;
			children = (
				7FB9CAEFC15BE7A7365F31D6 /* Pods_MGFilterProvider.framework */,
				BDAF1CC093E3E00A2A72534B /* Pods_MGFilterProviderTests.framework */,
			);
			name = Frameworks;
			sourceTree = "<group>";
		};
		474B2D0C1F3BEFAE00B1F4D0 = {
			isa = PBXGroup;
			children = (
				474B2D171F3BEFAE00B1F4D0 /* MGFilterProvider */,
				478C88541F418C1000AF7EE8 /* MGFilterProviderTests */,
				474B2D161F3BEFAE00B1F4D0 /* Products */,
				5A3AF44D2B7D5FEFBB05DFEA /* Pods */,
				1A751F4C9E713629FFEACDE2 /* Frameworks */,
			);
			sourceTree = "<group>";
		};
		474B2D161F3BEFAE00B1F4D0 /* Products */ = {
			isa = PBXGroup;
			children = (
				474B2D151F3BEFAE00B1F4D0 /* MGFilterProvider.app */,
				478C88531F418C1000AF7EE8 /* MGFilterProviderTests.xctest */,
			);
			name = Products;
			sourceTree = "<group>";
		};
		474B2D171F3BEFAE00B1F4D0 /* MGFilterProvider */ = {
			isa = PBXGroup;
			children = (
				473969161F50160500C5DB85 /* test.txt */,
				474B2D2B1F3BEFF100B1F4D0 /* Source */,
				474B2D181F3BEFAE00B1F4D0 /* AppDelegate.swift */,
				474B2D1A1F3BEFAE00B1F4D0 /* ViewController.swift */,
				474B2D1C1F3BEFAE00B1F4D0 /* Main.storyboard */,
				474B2D1F1F3BEFAE00B1F4D0 /* Assets.xcassets */,
				474B2D211F3BEFAE00B1F4D0 /* LaunchScreen.storyboard */,
				474B2D241F3BEFAE00B1F4D0 /* Info.plist */,
			);
			path = MGFilterProvider;
			sourceTree = "<group>";
		};
		474B2D2B1F3BEFF100B1F4D0 /* Source */ = {
			isa = PBXGroup;
			children = (
				474B2D2E1F3BF05900B1F4D0 /* MGTradeLogFilters */,
			);
			path = Source;
			sourceTree = "<group>";
		};
		474B2D2E1F3BF05900B1F4D0 /* MGTradeLogFilters */ = {
			isa = PBXGroup;
			children = (
				474B2D2F1F3BF05900B1F4D0 /* MGParentSonProvider.swift */,
				474B2D311F3C0DC000B1F4D0 /* MGParentsAdapters.swift */,
			);
			path = MGTradeLogFilters;
			sourceTree = "<group>";
		};
		478C88541F418C1000AF7EE8 /* MGFilterProviderTests */ = {
			isa = PBXGroup;
			children = (
				473969141F50146800C5DB85 /* test.txt */,
				478C88551F418C1000AF7EE8 /* MGFilterProviderTests.swift */,
				478C88571F418C1000AF7EE8 /* Info.plist */,
			);
			path = MGFilterProviderTests;
			sourceTree = "<group>";
		};
		5A3AF44D2B7D5FEFBB05DFEA /* Pods */ = {
			isa = PBXGroup;
			children = (
				D5445AF35282A1D637E37D19 /* Pods-MGFilterProvider.debug.xcconfig */,
				833DC21DD74FBC678BC59C32 /* Pods-MGFilterProvider.release.xcconfig */,
				8B3450BDA3DDA5D9B4EB272E /* Pods-MGFilterProviderTests.debug.xcconfig */,
				44A3299F2FFBD91D9E45489A /* Pods-MGFilterProviderTests.release.xcconfig */,
			);
			name = Pods;
			sourceTree = "<group>";
		};
/* End PBXGroup section */

/* Begin PBXNativeTarget section */
		474B2D141F3BEFAE00B1F4D0 /* MGFilterProvider */ = {
			isa = PBXNativeTarget;
			buildConfigurationList = 474B2D271F3BEFAE00B1F4D0 /* Build configuration list for PBXNativeTarget "MGFilterProvider" */;
			buildPhases = (
				AF7D7D9DF1DD6F9F93246D79 /* [CP] Check Pods Manifest.lock */,
				474B2D111F3BEFAE00B1F4D0 /* Sources */,
				474B2D121F3BEFAE00B1F4D0 /* Frameworks */,
				474B2D131F3BEFAE00B1F4D0 /* Resources */,
				E80DFD64E034B8122C7E12EB /* [CP] Embed Pods Frameworks */,
				4E7504754D7C0B8DF19D751A /* [CP] Copy Pods Resources */,
			);
			buildRules = (
			);
			dependencies = (
			);
			name = MGFilterProvider;
			productName = MGFilterProvider;
			productReference = 474B2D151F3BEFAE00B1F4D0 /* MGFilterProvider.app */;
			productType = "com.apple.product-type.application";
		};
		478C88521F418C1000AF7EE8 /* MGFilterProviderTests */ = {
			isa = PBXNativeTarget;
			buildConfigurationList = 478C885C1F418C1000AF7EE8 /* Build configuration list for PBXNativeTarget "MGFilterProviderTests" */;
			buildPhases = (
				585778D6A4ADC61EC3B8A752 /* [CP] Check Pods Manifest.lock */,
				478C884F1F418C1000AF7EE8 /* Sources */,
				478C88501F418C1000AF7EE8 /* Frameworks */,
				478C88511F418C1000AF7EE8 /* Resources */,
				9168B1CC3072AE919AB2C0B8 /* [CP] Embed Pods Frameworks */,
				7C38360C1571F8B6B45740FF /* [CP] Copy Pods Resources */,
			);
			buildRules = (
			);
			dependencies = (
				478C88591F418C1000AF7EE8 /* PBXTargetDependency */,
			);
			name = MGFilterProviderTests;
			productName = MGFilterProviderTests;
			productReference = 478C88531F418C1000AF7EE8 /* MGFilterProviderTests.xctest */;
			productType = "com.apple.product-type.bundle.unit-test";
		};
/* End PBXNativeTarget section */

/* Begin PBXProject section */
		474B2D0D1F3BEFAE00B1F4D0 /* Project object */ = {
			isa = PBXProject;
			attributes = {
				LastSwiftUpdateCheck = 0830;
				LastUpgradeCheck = 0830;
				ORGANIZATIONNAME = Harly;
				TargetAttributes = {
					474B2D141F3BEFAE00B1F4D0 = {
						CreatedOnToolsVersion = 8.3.2;
						DevelopmentTeam = 966SKDK4CF;
						ProvisioningStyle = Automatic;
					};
					478C88521F418C1000AF7EE8 = {
						CreatedOnToolsVersion = 8.3.2;
						DevelopmentTeam = 966SKDK4CF;
						ProvisioningStyle = Automatic;
						TestTargetID = 474B2D141F3BEFAE00B1F4D0;
					};
				};
			};
			buildConfigurationList = 474B2D101F3BEFAE00B1F4D0 /* Build configuration list for PBXProject "MGFilterProvider" */;
			compatibilityVersion = "Xcode 3.2";
			developmentRegion = English;
			hasScannedForEncodings = 0;
			knownRegions = (
				en,
				Base,
			);
			mainGroup = 474B2D0C1F3BEFAE00B1F4D0;
			productRefGroup = 474B2D161F3BEFAE00B1F4D0 /* Products */;
			projectDirPath = "";
			projectRoot = "";
			targets = (
				474B2D141F3BEFAE00B1F4D0 /* MGFilterProvider */,
				478C88521F418C1000AF7EE8 /* MGFilterProviderTests */,
			);
		};
/* End PBXProject section */

/* Begin PBXResourcesBuildPhase section */
		474B2D131F3BEFAE00B1F4D0 /* Resources */ = {
			isa = PBXResourcesBuildPhase;
			buildActionMask = 2147483647;
			files = (
				474B2D231F3BEFAE00B1F4D0 /* LaunchScreen.storyboard in Resources */,
				474B2D201F3BEFAE00B1F4D0 /* Assets.xcassets in Resources */,
				473969171F50160500C5DB85 /* test.txt in Resources */,
				474B2D1E1F3BEFAE00B1F4D0 /* Main.storyboard in Resources */,
			);
			runOnlyForDeploymentPostprocessing = 0;
		};
		478C88511F418C1000AF7EE8 /* Resources */ = {
			isa = PBXResourcesBuildPhase;
			buildActionMask = 2147483647;
			files = (
				473969151F50146800C5DB85 /* test.txt in Resources */,
			);
			runOnlyForDeploymentPostprocessing = 0;
		};
/* End PBXResourcesBuildPhase section */

/* Begin PBXShellScriptBuildPhase section */
		4E7504754D7C0B8DF19D751A /* [CP] Copy Pods Resources */ = {
			isa = PBXShellScriptBuildPhase;
			buildActionMask = 2147483647;
			files = (
			);
			inputPaths = (
			);
			name = "[CP] Copy Pods Resources";
			outputPaths = (
			);
			runOnlyForDeploymentPostprocessing = 0;
			shellPath = /bin/sh;
			shellScript = "\"${SRCROOT}/Pods/Target Support Files/Pods-MGFilterProvider/Pods-MGFilterProvider-resources.sh\"\n";
			showEnvVarsInLog = 0;
		};
		585778D6A4ADC61EC3B8A752 /* [CP] Check Pods Manifest.lock */ = {
			isa = PBXShellScriptBuildPhase;
			buildActionMask = 2147483647;
			files = (
			);
			inputPaths = (
			);
			name = "[CP] Check Pods Manifest.lock";
			outputPaths = (
			);
			runOnlyForDeploymentPostprocessing = 0;
			shellPath = /bin/sh;
			shellScript = "diff \"${PODS_PODFILE_DIR_PATH}/Podfile.lock\" \"${PODS_ROOT}/Manifest.lock\" > /dev/null\nif [ $? != 0 ] ; then\n    # print error to STDERR\n    echo \"error: The sandbox is not in sync with the Podfile.lock. Run 'pod install' or update your CocoaPods installation.\" >&2\n    exit 1\nfi\n";
			showEnvVarsInLog = 0;
		};
		7C38360C1571F8B6B45740FF /* [CP] Copy Pods Resources */ = {
			isa = PBXShellScriptBuildPhase;
			buildActionMask = 2147483647;
			files = (
			);
			inputPaths = (
			);
			name = "[CP] Copy Pods Resources";
			outputPaths = (
			);
			runOnlyForDeploymentPostprocessing = 0;
			shellPath = /bin/sh;
			shellScript = "\"${SRCROOT}/Pods/Target Support Files/Pods-MGFilterProviderTests/Pods-MGFilterProviderTests-resources.sh\"\n";
			showEnvVarsInLog = 0;
		};
		9168B1CC3072AE919AB2C0B8 /* [CP] Embed Pods Frameworks */ = {
			isa = PBXShellScriptBuildPhase;
			buildActionMask = 2147483647;
			files = (
			);
			inputPaths = (
			);
			name = "[CP] Embed Pods Frameworks";
			outputPaths = (
			);
			runOnlyForDeploymentPostprocessing = 0;
			shellPath = /bin/sh;
			shellScript = "\"${SRCROOT}/Pods/Target Support Files/Pods-MGFilterProviderTests/Pods-MGFilterProviderTests-frameworks.sh\"\n";
			showEnvVarsInLog = 0;
		};
		AF7D7D9DF1DD6F9F93246D79 /* [CP] Check Pods Manifest.lock */ = {
			isa = PBXShellScriptBuildPhase;
			buildActionMask = 2147483647;
			files = (
			);
			inputPaths = (
			);
			name = "[CP] Check Pods Manifest.lock";
			outputPaths = (
			);
			runOnlyForDeploymentPostprocessing = 0;
			shellPath = /bin/sh;
			shellScript = "diff \"${PODS_PODFILE_DIR_PATH}/Podfile.lock\" \"${PODS_ROOT}/Manifest.lock\" > /dev/null\nif [ $? != 0 ] ; then\n    # print error to STDERR\n    echo \"error: The sandbox is not in sync with the Podfile.lock. Run 'pod install' or update your CocoaPods installation.\" >&2\n    exit 1\nfi\n";
			showEnvVarsInLog = 0;
		};
		E80DFD64E034B8122C7E12EB /* [CP] Embed Pods Frameworks */ = {
			isa = PBXShellScriptBuildPhase;
			buildActionMask = 2147483647;
			files = (
			);
			inputPaths = (
			);
			name = "[CP] Embed Pods Frameworks";
			outputPaths = (
			);
			runOnlyForDeploymentPostprocessing = 0;
			shellPath = /bin/sh;
			shellScript = "\"${SRCROOT}/Pods/Target Support Files/Pods-MGFilterProvider/Pods-MGFilterProvider-frameworks.sh\"\n";
			showEnvVarsInLog = 0;
		};
/* End PBXShellScriptBuildPhase section */

/* Begin PBXSourcesBuildPhase section */
		474B2D111F3BEFAE00B1F4D0 /* Sources */ = {
			isa = PBXSourcesBuildPhase;
			buildActionMask = 2147483647;
			files = (
				474B2D321F3C0DC000B1F4D0 /* MGParentsAdapters.swift in Sources */,
				474B2D1B1F3BEFAE00B1F4D0 /* ViewController.swift in Sources */,
				474B2D191F3BEFAE00B1F4D0 /* AppDelegate.swift in Sources */,
				474B2D301F3BF05900B1F4D0 /* MGParentSonProvider.swift in Sources */,
			);
			runOnlyForDeploymentPostprocessing = 0;
		};
		478C884F1F418C1000AF7EE8 /* Sources */ = {
			isa = PBXSourcesBuildPhase;
			buildActionMask = 2147483647;
			files = (
				478C88561F418C1000AF7EE8 /* MGFilterProviderTests.swift in Sources */,
			);
			runOnlyForDeploymentPostprocessing = 0;
		};
/* End PBXSourcesBuildPhase section */

/* Begin PBXTargetDependency section */
		478C88591F418C1000AF7EE8 /* PBXTargetDependency */ = {
			isa = PBXTargetDependency;
			target = 474B2D141F3BEFAE00B1F4D0 /* MGFilterProvider */;
			targetProxy = 478C88581F418C1000AF7EE8 /* PBXContainerItemProxy */;
		};
/* End PBXTargetDependency section */

/* Begin PBXVariantGroup section */
		474B2D1C1F3BEFAE00B1F4D0 /* Main.storyboard */ = {
			isa = PBXVariantGroup;
			children = (
				474B2D1D1F3BEFAE00B1F4D0 /* Base */,
			);
			name = Main.storyboard;
			sourceTree = "<group>";
		};
		474B2D211F3BEFAE00B1F4D0 /* LaunchScreen.storyboard */ = {
			isa = PBXVariantGroup;
			children = (
				474B2D221F3BEFAE00B1F4D0 /* Base */,
			);
			name = LaunchScreen.storyboard;
			sourceTree = "<group>";
		};
/* End PBXVariantGroup section */

/* Begin XCBuildConfiguration section */
		474B2D251F3BEFAE00B1F4D0 /* Debug */ = {
			isa = XCBuildConfiguration;
			buildSettings = {
				ALWAYS_SEARCH_USER_PATHS = NO;
				CLANG_ANALYZER_NONNULL = YES;
				CLANG_ANALYZER_NUMBER_OBJECT_CONVERSION = YES_AGGRESSIVE;
				CLANG_CXX_LANGUAGE_STANDARD = "gnu++0x";
				CLANG_CXX_LIBRARY = "libc++";
				CLANG_ENABLE_MODULES = YES;
				CLANG_ENABLE_OBJC_ARC = YES;
				CLANG_WARN_BOOL_CONVERSION = YES;
				CLANG_WARN_CONSTANT_CONVERSION = YES;
				CLANG_WARN_DIRECT_OBJC_ISA_USAGE = YES_ERROR;
				CLANG_WARN_DOCUMENTATION_COMMENTS = YES;
				CLANG_WARN_EMPTY_BODY = YES;
				CLANG_WARN_ENUM_CONVERSION = YES;
				CLANG_WARN_INFINITE_RECURSION = YES;
				CLANG_WARN_INT_CONVERSION = YES;
				CLANG_WARN_OBJC_ROOT_CLASS = YES_ERROR;
				CLANG_WARN_SUSPICIOUS_MOVE = YES;
				CLANG_WARN_UNREACHABLE_CODE = YES;
				CLANG_WARN__DUPLICATE_METHOD_MATCH = YES;
				"CODE_SIGN_IDENTITY[sdk=iphoneos*]" = "iPhone Developer";
				COPY_PHASE_STRIP = NO;
				DEBUG_INFORMATION_FORMAT = dwarf;
				ENABLE_STRICT_OBJC_MSGSEND = YES;
				ENABLE_TESTABILITY = YES;
				GCC_C_LANGUAGE_STANDARD = gnu99;
				GCC_DYNAMIC_NO_PIC = NO;
				GCC_NO_COMMON_BLOCKS = YES;
				GCC_OPTIMIZATION_LEVEL = 0;
				GCC_PREPROCESSOR_DEFINITIONS = (
					"DEBUG=1",
					"$(inherited)",
				);
				GCC_WARN_64_TO_32_BIT_CONVERSION = YES;
				GCC_WARN_ABOUT_RETURN_TYPE = YES_ERROR;
				GCC_WARN_UNDECLARED_SELECTOR = YES;
				GCC_WARN_UNINITIALIZED_AUTOS = YES_AGGRESSIVE;
				GCC_WARN_UNUSED_FUNCTION = YES;
				GCC_WARN_UNUSED_VARIABLE = YES;
				IPHONEOS_DEPLOYMENT_TARGET = 10.3;
				MTL_ENABLE_DEBUG_INFO = YES;
				ONLY_ACTIVE_ARCH = YES;
				SDKROOT = iphoneos;
				SWIFT_ACTIVE_COMPILATION_CONDITIONS = DEBUG;
				SWIFT_OPTIMIZATION_LEVEL = "-Onone";
				TARGETED_DEVICE_FAMILY = "1,2";
			};
			name = Debug;
		};
		474B2D261F3BEFAE00B1F4D0 /* Release */ = {
			isa = XCBuildConfiguration;
			buildSettings = {
				ALWAYS_SEARCH_USER_PATHS = NO;
				CLANG_ANALYZER_NONNULL = YES;
				CLANG_ANALYZER_NUMBER_OBJECT_CONVERSION = YES_AGGRESSIVE;
				CLANG_CXX_LANGUAGE_STANDARD = "gnu++0x";
				CLANG_CXX_LIBRARY = "libc++";
				CLANG_ENABLE_MODULES = YES;
				CLANG_ENABLE_OBJC_ARC = YES;
				CLANG_WARN_BOOL_CONVERSION = YES;
				CLANG_WARN_CONSTANT_CONVERSION = YES;
				CLANG_WARN_DIRECT_OBJC_ISA_USAGE = YES_ERROR;
				CLANG_WARN_DOCUMENTATION_COMMENTS = YES;
				CLANG_WARN_EMPTY_BODY = YES;
				CLANG_WARN_ENUM_CONVERSION = YES;
				CLANG_WARN_INFINITE_RECURSION = YES;
				CLANG_WARN_INT_CONVERSION = YES;
				CLANG_WARN_OBJC_ROOT_CLASS = YES_ERROR;
				CLANG_WARN_SUSPICIOUS_MOVE = YES;
				CLANG_WARN_UNREACHABLE_CODE = YES;
				CLANG_WARN__DUPLICATE_METHOD_MATCH = YES;
				"CODE_SIGN_IDENTITY[sdk=iphoneos*]" = "iPhone Developer";
				COPY_PHASE_STRIP = NO;
				DEBUG_INFORMATION_FORMAT = "dwarf-with-dsym";
				ENABLE_NS_ASSERTIONS = NO;
				ENABLE_STRICT_OBJC_MSGSEND = YES;
				GCC_C_LANGUAGE_STANDARD = gnu99;
				GCC_NO_COMMON_BLOCKS = YES;
				GCC_WARN_64_TO_32_BIT_CONVERSION = YES;
				GCC_WARN_ABOUT_RETURN_TYPE = YES_ERROR;
				GCC_WARN_UNDECLARED_SELECTOR = YES;
				GCC_WARN_UNINITIALIZED_AUTOS = YES_AGGRESSIVE;
				GCC_WARN_UNUSED_FUNCTION = YES;
				GCC_WARN_UNUSED_VARIABLE = YES;
				IPHONEOS_DEPLOYMENT_TARGET = 10.3;
				MTL_ENABLE_DEBUG_INFO = NO;
				SDKROOT = iphoneos;
				SWIFT_OPTIMIZATION_LEVEL = "-Owholemodule";
				TARGETED_DEVICE_FAMILY = "1,2";
				VALIDATE_PRODUCT = YES;
			};
			name = Release;
		};
		474B2D281F3BEFAE00B1F4D0 /* Debug */ = {
			isa = XCBuildConfiguration;
			baseConfigurationReference = D5445AF35282A1D637E37D19 /* Pods-MGFilterProvider.debug.xcconfig */;
			buildSettings = {
				ASSETCATALOG_COMPILER_APPICON_NAME = AppIcon;
				DEVELOPMENT_TEAM = 966SKDK4CF;
				INFOPLIST_FILE = MGFilterProvider/Info.plist;
				LD_RUNPATH_SEARCH_PATHS = "$(inherited) @executable_path/Frameworks";
				PRODUCT_BUNDLE_IDENTIFIER = com.mogoroom.filter.MGFilterProvider;
				PRODUCT_NAME = "$(TARGET_NAME)";
				SWIFT_VERSION = 3.0;
			};
			name = Debug;
		};
		474B2D291F3BEFAE00B1F4D0 /* Release */ = {
			isa = XCBuildConfiguration;
			baseConfigurationReference = 833DC21DD74FBC678BC59C32 /* Pods-MGFilterProvider.release.xcconfig */;
			buildSettings = {
				ASSETCATALOG_COMPILER_APPICON_NAME = AppIcon;
				DEVELOPMENT_TEAM = 966SKDK4CF;
				INFOPLIST_FILE = MGFilterProvider/Info.plist;
				LD_RUNPATH_SEARCH_PATHS = "$(inherited) @executable_path/Frameworks";
				PRODUCT_BUNDLE_IDENTIFIER = com.mogoroom.filter.MGFilterProvider;
				PRODUCT_NAME = "$(TARGET_NAME)";
				SWIFT_VERSION = 3.0;
			};
			name = Release;
		};
		478C885A1F418C1000AF7EE8 /* Debug */ = {
			isa = XCBuildConfiguration;
			baseConfigurationReference = 8B3450BDA3DDA5D9B4EB272E /* Pods-MGFilterProviderTests.debug.xcconfig */;
			buildSettings = {
				BUNDLE_LOADER = "$(TEST_HOST)";
				DEVELOPMENT_TEAM = 966SKDK4CF;
				INFOPLIST_FILE = MGFilterProviderTests/Info.plist;
				LD_RUNPATH_SEARCH_PATHS = "$(inherited) @executable_path/Frameworks @loader_path/Frameworks";
				PRODUCT_BUNDLE_IDENTIFIER = com.mogoroom.testProvider.MGFilterProviderTests;
				PRODUCT_NAME = "$(TARGET_NAME)";
				SWIFT_VERSION = 3.0;
				TEST_HOST = "$(BUILT_PRODUCTS_DIR)/MGFilterProvider.app/MGFilterProvider";
			};
			name = Debug;
		};
		478C885B1F418C1000AF7EE8 /* Release */ = {
			isa = XCBuildConfiguration;
			baseConfigurationReference = 44A3299F2FFBD91D9E45489A /* Pods-MGFilterProviderTests.release.xcconfig */;
			buildSettings = {
				BUNDLE_LOADER = "$(TEST_HOST)";
				DEVELOPMENT_TEAM = 966SKDK4CF;
				INFOPLIST_FILE = MGFilterProviderTests/Info.plist;
				LD_RUNPATH_SEARCH_PATHS = "$(inherited) @executable_path/Frameworks @loader_path/Frameworks";
				PRODUCT_BUNDLE_IDENTIFIER = com.mogoroom.testProvider.MGFilterProviderTests;
				PRODUCT_NAME = "$(TARGET_NAME)";
				SWIFT_VERSION = 3.0;
				TEST_HOST = "$(BUILT_PRODUCTS_DIR)/MGFilterProvider.app/MGFilterProvider";
			};
			name = Release;
		};
/* End XCBuildConfiguration section */

/* Begin XCConfigurationList section */
		474B2D101F3BEFAE00B1F4D0 /* Build configuration list for PBXProject "MGFilterProvider" */ = {
			isa = XCConfigurationList;
			buildConfigurations = (
				474B2D251F3BEFAE00B1F4D0 /* Debug */,
				474B2D261F3BEFAE00B1F4D0 /* Release */,
			);
			defaultConfigurationIsVisible = 0;
			defaultConfigurationName = Release;
		};
		474B2D271F3BEFAE00B1F4D0 /* Build configuration list for PBXNativeTarget "MGFilterProvider" */ = {
			isa = XCConfigurationList;
			buildConfigurations = (
				474B2D281F3BEFAE00B1F4D0 /* Debug */,
				474B2D291F3BEFAE00B1F4D0 /* Release */,
			);
			defaultConfigurationIsVisible = 0;
			defaultConfigurationName = Release;
		};
		478C885C1F418C1000AF7EE8 /* Build configuration list for PBXNativeTarget "MGFilterProviderTests" */ = {
			isa = XCConfigurationList;
			buildConfigurations = (
				478C885A1F418C1000AF7EE8 /* Debug */,
				478C885B1F418C1000AF7EE8 /* Release */,
			);
			defaultConfigurationIsVisible = 0;
			defaultConfigurationName = Release;
		};
/* End XCConfigurationList section */
	};
	rootObject = 474B2D0D1F3BEFAE00B1F4D0 /* Project object */;
}
